
Microsoft Visual Studio Solution File, Format Version 12.00
# Visual Studio 15
VisualStudioVersion = 15.0.28307.106
MinimumVisualStudioVersion = 10.0.40219.1
Project("{8BC9CEB8-8B4A-11D0-8D11-00A0C91BC942}") = "Big_O_3", "Big_O_3\Big_O_3.vcxproj", "{0B6DA5B7-2EBF-46B9-A5D4-0FB53E82FF07}"
EndProject
Global
	GlobalSection(SolutionConfigurationPlatforms) = preSolution
		Debug|x64 = Debug|x64
		Debug|x86 = Debug|x86
		Release|x64 = Release|x64
		Release|x86 = Release|x86
	EndGlobalSection
	GlobalSection(ProjectConfigurationPlatforms) = postSolution
		{0B6DA5B7-2EBF-46B9-A5D4-0FB53E82FF07}.Debug|x64.ActiveCfg = Debug|x64
		{0B6DA5B7-2EBF-46B9-A5D4-0FB53E82FF07}.Debug|x64.Build.0 = Debug|x64
		{0B6DA5B7-2EBF-46B9-A5D4-0FB53E82FF07}.Debug|x86.ActiveCfg = Debug|Win32
		{0B6DA5B7-2EBF-46B9-A5D4-0FB53E82FF07}.Debug|x86.Build.0 = Debug|Win32
		{0B6DA5B7-2EBF-46B9-A5D4-0FB53E82FF07}.Release|x64.ActiveCfg = Release|x64
		{0B6DA5B7-2EBF-46B9-A5D4-0FB53E82FF07}.Release|x64.Build.0 = Release|x64
		{0B6DA5B7-2EBF-46B9-A5D4-0FB53E82FF07}.Release|x86.ActiveCfg = Release|Win32
		{0B6DA5B7-2EBF-46B9-A5D4-0FB53E82FF07}.Release|x86.Build.0 = Release|Win32
	EndGlobalSection
	GlobalSection(SolutionProperties) = preSolution
		HideSolutionNode = FALSE
	EndGlobalSection
	GlobalSection(ExtensibilityGlobals) = postSolution
		SolutionGuid = {FA16FF3B-7210-4C4D-800E-58D54BFC7CB0}
	EndGlobalSection
EndGlobal
